<?xml version="1.0" encoding="utf-8"?>
<Project ToolsVersion="4.0" xmlns="http://schemas.microsoft.com/developer/msbuild/2003">
  <ItemGroup>
    <Filter Include="Header Files">
      <UniqueIdentifier>{93995380-89BD-4b04-88EB-625FBE52EBFB}</UniqueIdentifier>
      <Extensions>h;hpp;hxx;hm;inl;inc;xsd</Extensions>
    </Filter>
    <Filter Include="Source Files">
      <UniqueIdentifier>{4FC737F1-C7A5-4376-A066-2A32D752A2FF}</UniqueIdentifier>
      <Extensions>cpp;c;cc;cxx;def;odl;idl;hpj;bat;asm;asmx</Extensions>
    </Filter>
    <Filter Include="Resource Files">
      <UniqueIdentifier>{67DA6AB6-F800-4c08-8B7A-83BB121AAD01}</UniqueIdentifier>
      <Extensions>rc;ico;cur;bmp;dlg;rc2;rct;bin;rgs;gif;jpg;jpeg;jpe;resx;tiff;tif;png;wav</Extensions>
    </Filter>
    <Filter Include="lib">
      <UniqueIdentifier>{44371096-0fc0-45fa-8a10-a0d7034ba8f4}</UniqueIdentifier>
    </Filter>
  </ItemGroup>
  <ItemGroup>
    <ClCompile Include="ConfigWindow.cpp">
      <Filter>Source Files</Filter>
    </ClCompile>
    <ClCompile Include="DbAlbumCollection.cpp">
      <Filter>Source Files</Filter>
    </ClCompile>
    <ClCompile Include="PlaybackTracer.cpp">
      <Filter>Source Files</Filter>
    </ClCompile>
    <ClCompile Include="Renderer.cpp">
      <Filter>Source Files</Filter>
    </ClCompile>
    <ClCompile Include="TextDisplay.cpp">
      <Filter>Source Files</Filter>
    </ClCompile>
    <ClCompile Include="MyActions.cpp">
      <Filter>Source Files</Filter>
    </ClCompile>
    <ClCompile Include="DbReloadWorker.cpp">
      <Filter>Source Files</Filter>
    </ClCompile>
    <ClCompile Include="DuiComponent.cpp">
      <Filter>Source Files</Filter>
    </ClCompile>
    <ClCompile Include="CuiComponent.cpp">
      <Filter>Source Files</Filter>
    </ClCompile>
    <ClCompile Include="TextureCache.cpp">
      <Filter>Source Files</Filter>
    </ClCompile>
    <ClCompile Include="Image.cpp">
      <Filter>Source Files</Filter>
    </ClCompile>
    <ClCompile Include="FindAsYouType.cpp">
      <Filter>Source Files</Filter>
    </ClCompile>
    <ClCompile Include="Engine.cpp">
      <Filter>Source Files</Filter>
    </ClCompile>
    <ClCompile Include="engine_messages.cpp">
      <Filter>Source Files</Filter>
    </ClCompile>
    <ClCompile Include="EngineThread.cpp">
      <Filter>Source Files</Filter>
    </ClCompile>
    <ClCompile Include="ContainerWindow.cpp">
      <Filter>Source Files</Filter>
    </ClCompile>
    <ClCompile Include="EngineWindow.cpp">
      <Filter>Source Files</Filter>
    </ClCompile>
    <ClCompile Include="lib\glad.cpp">
      <Filter>lib</Filter>
    </ClCompile>
    <ClCompile Include="lib\cover_configs.cpp">
      <Filter>lib</Filter>
    </ClCompile>
    <ClCompile Include="lib\msscript.cpp">
      <Filter>lib</Filter>
    </ClCompile>
    <ClCompile Include="lib\win32_helpers.cpp">
      <Filter>lib</Filter>
    </ClCompile>
    <ClCompile Include="main.cpp">
      <Filter>Source Files</Filter>
    </ClCompile>
    <ClCompile Include="stdafx.cpp">
      <Filter>Source Files</Filter>
    </ClCompile>
    <ClCompile Include="utils.cpp">
      <Filter>Source Files</Filter>
    </ClCompile>
    <ClCompile Include="world_state.cpp">
      <Filter>Source Files</Filter>
    </ClCompile>
    <ClCompile Include="TrackDropSource.cpp">
      <Filter>Source Files</Filter>
    </ClCompile>
    <ClCompile Include="ConfigData.cpp">
      <Filter>Source Files</Filter>
    </ClCompile>
    <ClCompile Include="ConfigCompiledInfo.cpp">
      <Filter>Source Files</Filter>
    </ClCompile>
    <ClCompile Include="ConfigDialog.cpp">
      <Filter>Source Files</Filter>
    </ClCompile>
    <ClCompile Include="ConfigBindings.cpp">
      <Filter>Source Files</Filter>
    </ClCompile>
    <ClCompile Include="style_manager.cpp">
      <Filter>Source Files</Filter>
    </ClCompile>
    <ClCompile Include="ConfigCoverConfigs.cpp">
      <Filter>Source Files</Filter>
    </ClCompile>
    <ClCompile Include="PlaylistCallback.cpp">
      <Filter>Source Files</Filter>
    </ClCompile>
    <ClCompile Include="ps_ui\norefreshscope.cpp">
      <Filter>Source Files\ps</Filter>
    </ClCompile>
    <ClCompile Include="ConfigDialogDisplay.cpp">
      <Filter>Source Files</Filter>
    </ClCompile>
    <ClCompile Include="cover_positions_compiler.cpp">
      <Filter>Source Files</Filter>
    </ClCompile>
    <ClCompile Include="cover_positions.cpp">
      <Filter>Source Files</Filter>
    </ClCompile>
  </ItemGroup>
  <ItemGroup>
    <ClInclude Include="DbAlbumCollection.h">
      <Filter>Header Files</Filter>
    </ClInclude>
    <ClInclude Include="MyActions.h">
      <Filter>Header Files</Filter>
    </ClInclude>
    <ClInclude Include="PlaybackTracer.h">
      <Filter>Header Files</Filter>
    </ClInclude>
    <ClInclude Include="Renderer.h">
      <Filter>Header Files</Filter>
    </ClInclude>
    <ClInclude Include="TextDisplay.h">
      <Filter>Header Files</Filter>
    </ClInclude>
    <ClInclude Include="DbReloadWorker.h">
      <Filter>Header Files</Filter>
    </ClInclude>
    <ClInclude Include="FindAsYouType.h">
      <Filter>Header Files</Filter>
    </ClInclude>
    <ClInclude Include="TextureCache.h">
      <Filter>Header Files</Filter>
    </ClInclude>
    <ClInclude Include="Image.h">
      <Filter>Header Files</Filter>
    </ClInclude>
    <ClInclude Include="Engine.h">
      <Filter>Header Files</Filter>
    </ClInclude>
    <ClInclude Include="engine_messages.h">
      <Filter>Header Files</Filter>
    </ClInclude>
    <ClInclude Include="EngineThread.h">
      <Filter>Header Files</Filter>
    </ClInclude>
    <ClInclude Include="EngineWindow.h">
      <Filter>Header Files</Filter>
    </ClInclude>
    <ClInclude Include="ContainerWindow.h">
      <Filter>Header Files</Filter>
    </ClInclude>
    <ClInclude Include="lib\stb_image.h">
      <Filter>lib</Filter>
    </ClInclude>
    <ClInclude Include="lib\stb_image_resize.h">
      <Filter>lib</Filter>
    </ClInclude>
    <ClInclude Include="lib\glad.h">
      <Filter>lib</Filter>
    </ClInclude>
    <ClInclude Include="lib\khrplatform.h">
      <Filter>lib</Filter>
    </ClInclude>
    <ClInclude Include="lib\msscript.h">
      <Filter>lib</Filter>
    </ClInclude>
    <ClInclude Include="lib\gl_structs.h">
      <Filter>lib</Filter>
    </ClInclude>
    <ClInclude Include="lib\win32_helpers.h">
      <Filter>lib</Filter>
    </ClInclude>
    <ClInclude Include="stdafx.h">
      <Filter>Header Files</Filter>
    </ClInclude>
    <ClInclude Include="utils.h">
      <Filter>Header Files</Filter>
    </ClInclude>
    <ClInclude Include="world_state.h">
      <Filter>Header Files</Filter>
    </ClInclude>
    <ClInclude Include="BlockingQueue.h">
      <Filter>Header Files</Filter>
    </ClInclude>
    <ClInclude Include="TrackDropSource.h">
      <Filter>Header Files</Filter>
    </ClInclude>
    <ClInclude Include="style_manager.h">
      <Filter>Header Files</Filter>
    </ClInclude>
    <ClInclude Include="ConfigWindow.h">
      <Filter>Header Files</Filter>
    </ClInclude>
    <ClInclude Include="ConfigData.h">
      <Filter>Header Files</Filter>
    </ClInclude>
    <ClInclude Include="ConfigCompiledInfo.h">
      <Filter>Header Files</Filter>
    </ClInclude>
    <ClInclude Include="ConfigDialog.h">
      <Filter>Header Files</Filter>
    </ClInclude>
    <ClInclude Include="ConfigBindings.h">
      <Filter>Header Files</Filter>
    </ClInclude>
    <ClInclude Include="ConfigBindingsItf.h">
      <Filter>Header Files</Filter>
    </ClInclude>
    <ClInclude Include="ConfigGuids.h">
      <Filter>Header Files</Filter>
    </ClInclude>
    <ClInclude Include="ConfigCoverConfigs.h">
      <Filter>Header Files</Filter>
    </ClInclude>
    <ClInclude Include="cover_fovAspectBehaviour.h">
      <Filter>Header Files</Filter>
    </ClInclude>
    <ClInclude Include="EngineThread.fwd.h">
      <Filter>Header Files</Filter>
    </ClInclude>
    <ClInclude Include="EngineWindow.fwd.h">
      <Filter>Header Files</Filter>
    </ClInclude>
    <ClInclude Include="Renderer.fwd.h">
      <Filter>Header Files</Filter>
    </ClInclude>
    <ClInclude Include="Engine.fwd.h">
      <Filter>Header Files</Filter>
    </ClInclude>
    <ClInclude Include="DBReloadWorker.fwd.h">
      <Filter>Header Files</Filter>
    </ClInclude>
    <ClInclude Include="DbAlbumCollection.fwd.h">
      <Filter>Header Files</Filter>
    </ClInclude>
    <ClInclude Include="ContainerWindow.fwd.h">
      <Filter>Header Files</Filter>
    </ClInclude>
    <ClInclude Include="DbAlbumInfo.h">
      <Filter>Header Files</Filter>
    </ClInclude>
    <ClInclude Include="ConfigContextPlaylist.h">
      <Filter>Header Files</Filter>
    </ClInclude>
    <ClInclude Include="ConfigWindow.fwd.h">
      <Filter>Header Files</Filter>
    </ClInclude>
    <ClInclude Include="PlaylistCallback.h">
      <Filter>Header Files</Filter>
    </ClInclude>
    <ClInclude Include="doc\key_config.h">
      <Filter>doc</Filter>
    </ClInclude>
    <ClInclude Include="ps_queue\queue_helpers.h">
      <Filter>Header Files\ps</Filter>
    </ClInclude>
    <ClInclude Include="ps_queue\reorder_helpers.h">
      <Filter>Header Files\ps</Filter>
    </ClInclude>
    <ClInclude Include="ps_ui\norefreshscope.h">
      <Filter>Header Files\ps</Filter>
    </ClInclude>
    <ClInclude Include="resource.h">
      <Filter>Resource Files</Filter>
    </ClInclude>
    <ClInclude Include="ConfigContextDisplay.h">
      <Filter>Header Files</Filter>
    </ClInclude>
    <ClInclude Include="ConfigContextSelector.h">
      <Filter>Header Files</Filter>
    </ClInclude>
    <ClInclude Include="ConfigDialogDisplay.h">
      <Filter>Header Files</Filter>
    </ClInclude>
    <ClInclude Include="PlaybackTracer.fwd.h">
      <Filter>Header Files</Filter>
    </ClInclude>
    <ClInclude Include="cover_positions_compiler.h">
      <Filter>Header Files</Filter>
    </ClInclude>
    <ClInclude Include="cover_positions.h">
      <Filter>Header Files</Filter>
    </ClInclude>
    <ClInclude Include="version.h">
      <Filter>Header Files</Filter>
    </ClInclude>
  </ItemGroup>
  <ItemGroup>
    <Image Include="images\cover-loading.jpg">
      <Filter>Resource Files</Filter>
    </Image>
    <Image Include="images\cover-no-img.jpg">
      <Filter>Resource Files</Filter>
    </Image>
    <Image Include="images\spinner.png">
      <Filter>Resource Files</Filter>
    </Image>
  </ItemGroup>
  <ItemGroup>
    <ResourceCompile Include="resource.rc">
      <Filter>Resource Files</Filter>
    </ResourceCompile>
    <ResourceCompile Include="foo_chronflow_ver.rc">
      <Filter>Resource Files</Filter>
    </ResourceCompile>
  </ItemGroup>
  <ItemGroup>
    <None Include="cpp.hint" />
    <None Include="CoverPositionsCompile.py" />
    <None Include=".clang-format" />
    <None Include=".clang-tidy" />
  </ItemGroup>
</Project>
